github.com/ahgraber/ai-treadmill v0.0.0-20250808143725-d0ebbe852be5 h1:5/0OcQ6xIfzysGWeQgpVyypGrOcikJhgT7LptRy1tGA=
github.com/ahgraber/ai-treadmill v0.0.0-20250808143725-d0ebbe852be5/go.mod h1:KY+TodIg2PrTyKSWgvwrxTGZjFZrVMLClKG6sDlH7pA=
github.com/imfing/hextra v0.9.7 h1:Zg5n24us36Bn/S/5mEUPkRW6uwE6vHHEqWSgN0bPXaM=
github.com/imfing/hextra v0.9.7/go.mod h1:cEfel3lU/bSx7lTE/+uuR4GJaphyOyiwNR3PTqFTXpI=
