github.com/ahgraber/ai-treadmill v0.0.0-20250523124819-f1ff7fd3e311 h1:V71GAOLf6hndv5LtkxvhHXXv2RACD978BPN50xCKedE=
github.com/ahgraber/ai-treadmill v0.0.0-20250523124819-f1ff7fd3e311/go.mod h1:KY+TodIg2PrTyKSWgvwrxTGZjFZrVMLClKG6sDlH7pA=
github.com/imfing/hextra v0.9.7 h1:Zg5n24us36Bn/S/5mEUPkRW6uwE6vHHEqWSgN0bPXaM=
github.com/imfing/hextra v0.9.7/go.mod h1:cEfel3lU/bSx7lTE/+uuR4GJaphyOyiwNR3PTqFTXpI=
