github.com/ahgraber/ai-treadmill v0.0.0-20251014122628-db5283709732 h1:yvFehJysvxubx556mzTSDxJqRTttG9yfV41/p4r7MYM=
github.com/ahgraber/ai-treadmill v0.0.0-20251014122628-db5283709732/go.mod h1:KY+TodIg2PrTyKSWgvwrxTGZjFZrVMLClKG6sDlH7pA=
github.com/imfing/hextra v0.11.1 h1:8pTc4ReYbzGTHAnyiebmlT3ijFfIXiGu1r7tM/UGjFI=
github.com/imfing/hextra v0.11.1/go.mod h1:cEfel3lU/bSx7lTE/+uuR4GJaphyOyiwNR3PTqFTXpI=
